// !$*UTF8*$!
{
	archiveVersion = 1;
	classes = {
	};
	objectVersion = 60;
	objects = {

/* Begin PBXBuildFile section */
		3022DBA82FE405F000847CF8 /* NotificationServiceExtension.appex in Embed Foundation Extensions */ = {isa = PBXBuildFile; fileRef = 3022DBA12FE405F000847CF8 /* NotificationServiceExtension.appex */; settings = {ATTRIBUTES = (RemoveHeadersOnCopy, ); }; };
		3022DBB02FE40D3B00847CF8 /* FirebaseMessaging in Frameworks */ = {isa = PBXBuildFile; productRef = 3022DBAF2FE40D3B00847CF8 /* FirebaseMessaging */; };
		3022DBB32FE40D5800847CF8 /* AppsFlyerLib-Static in Frameworks */ = {isa = PBXBuildFile; productRef = 3022DBB22FE40D5800847CF8 /* AppsFlyerLib-Static */; };
		3022DBB52FE40D6100847CF8 /* FirebaseMessaging in Frameworks */ = {isa = PBXBuildFile; productRef = 3022DBB42FE40D6100847CF8 /* FirebaseMessaging */; };
		3022DBC42FE40DD800847CF8 /* AppsFlyerManager.swift in Sources */ = {isa = PBXBuildFile; fileRef = 3022DBB62FE40DD800847CF8 /* AppsFlyerManager.swift */; };
		3022DBC52FE40DD800847CF8 /* PushNotificationURLRouter.swift in Sources */ = {isa = PBXBuildFile; fileRef = 3022DBC02FE40DD800847CF8 /* PushNotificationURLRouter.swift */; };
		3022DBC62FE40DD800847CF8 /* NotificationPermissionViewController.swift in Sources */ = {isa = PBXBuildFile; fileRef = 3022DBBF2FE40DD800847CF8 /* NotificationPermissionViewController.swift */; };
		3022DBC72FE40DD800847CF8 /* LoadingView.swift in Sources */ = {isa = PBXBuildFile; fileRef = 3022DBB92FE40DD800847CF8 /* LoadingView.swift */; };
		3022DBC82FE40DD800847CF8 /* LoadingManager.swift in Sources */ = {isa = PBXBuildFile; fileRef = 3022DBB82FE40DD800847CF8 /* LoadingManager.swift */; };
		3022DBC92FE40DD800847CF8 /* UserAgentBuilder.swift in Sources */ = {isa = PBXBuildFile; fileRef = 3022DBC12FE40DD800847CF8 /* UserAgentBuilder.swift */; };
		3022DBCA2FE40DD800847CF8 /* NotificationPermissionManager.swift in Sources */ = {isa = PBXBuildFile; fileRef = 3022DBBD2FE40DD800847CF8 /* NotificationPermissionManager.swift */; };
		3022DBCB2FE40DD800847CF8 /* WebviewVC.swift in Sources */ = {isa = PBXBuildFile; fileRef = 3022DBC22FE40DD800847CF8 /* WebviewVC.swift */; };
		3022DBCC2FE40DD800847CF8 /* NetworkAvailability.swift in Sources */ = {isa = PBXBuildFile; fileRef = 3022DBBB2FE40DD800847CF8 /* NetworkAvailability.swift */; };
		3022DBCD2FE40DD800847CF8 /* ConfigManager.swift in Sources */ = {isa = PBXBuildFile; fileRef = 3022DBB72FE40DD800847CF8 /* ConfigManager.swift */; };
		3022DBCE2FE40DD800847CF8 /* NoInternetView.swift in Sources */ = {isa = PBXBuildFile; fileRef = 3022DBBC2FE40DD800847CF8 /* NoInternetView.swift */; };
		3022DBCF2FE40DD800847CF8 /* LoadingViewController.swift in Sources */ = {isa = PBXBuildFile; fileRef = 3022DBBA2FE40DD800847CF8 /* LoadingViewController.swift */; };
		3022DBD02FE40DD800847CF8 /* NotificationPermissionView.swift in Sources */ = {isa = PBXBuildFile; fileRef = 3022DBBE2FE40DD800847CF8 /* NotificationPermissionView.swift */; };
		3022DBD52FE40E6900847CF8 /* NotificationService.swift in Sources */ = {isa = PBXBuildFile; fileRef = 3022DBD32FE40E6900847CF8 /* NotificationService.swift */; };
		3022DBD82FE40F2F00847CF8 /* GoogleService-Info.plist in Resources */ = {isa = PBXBuildFile; fileRef = 3022DBD72FE40F2F00847CF8 /* GoogleService-Info.plist */; };
		304DF2312FD98910008B6291 /* AchievementCell.swift in Sources */ = {isa = PBXBuildFile; fileRef = 304DF1E22FD98910008B6291 /* AchievementCell.swift */; };
		304DF2322FD98910008B6291 /* AppCard.swift in Sources */ = {isa = PBXBuildFile; fileRef = 304DF1E32FD98910008B6291 /* AppCard.swift */; };
		304DF2332FD98910008B6291 /* CategoryChipView.swift in Sources */ = {isa = PBXBuildFile; fileRef = 304DF1E42FD98910008B6291 /* CategoryChipView.swift */; };
		304DF2342FD98910008B6291 /* EmptyStateView.swift in Sources */ = {isa = PBXBuildFile; fileRef = 304DF1E52FD98910008B6291 /* EmptyStateView.swift */; };
		304DF2352FD98910008B6291 /* MetricStatCell.swift in Sources */ = {isa = PBXBuildFile; fileRef = 304DF1E62FD98910008B6291 /* MetricStatCell.swift */; };
		304DF2362FD98910008B6291 /* ProgressTopicCell.swift in Sources */ = {isa = PBXBuildFile; fileRef = 304DF1E72FD98910008B6291 /* ProgressTopicCell.swift */; };
		304DF2372FD98910008B6291 /* QuizQuestionCell.swift in Sources */ = {isa = PBXBuildFile; fileRef = 304DF1E82FD98910008B6291 /* QuizQuestionCell.swift */; };
		304DF2382FD98910008B6291 /* SectionHeaderView.swift in Sources */ = {isa = PBXBuildFile; fileRef = 304DF1E92FD98910008B6291 /* SectionHeaderView.swift */; };
		304DF2392FD98910008B6291 /* SettingsMenuCell.swift in Sources */ = {isa = PBXBuildFile; fileRef = 304DF1EA2FD98910008B6291 /* SettingsMenuCell.swift */; };
		304DF23A2FD98910008B6291 /* TopicCell.swift in Sources */ = {isa = PBXBuildFile; fileRef = 304DF1EB2FD98910008B6291 /* TopicCell.swift */; };
		304DF23B2FD98910008B6291 /* AchievementBannerView.swift in Sources */ = {isa = PBXBuildFile; fileRef = 304DF1ED2FD98910008B6291 /* AchievementBannerView.swift */; };
		304DF23C2FD98910008B6291 /* ActivityCalendarView.swift in Sources */ = {isa = PBXBuildFile; fileRef = 304DF1EE2FD98910008B6291 /* ActivityCalendarView.swift */; };
		304DF23D2FD98910008B6291 /* AppBackgroundView.swift in Sources */ = {isa = PBXBuildFile; fileRef = 304DF1EF2FD98910008B6291 /* AppBackgroundView.swift */; };
		304DF23E2FD98910008B6291 /* AppDepthStyle.swift in Sources */ = {isa = PBXBuildFile; fileRef = 304DF1F02FD98910008B6291 /* AppDepthStyle.swift */; };
		304DF23F2FD98910008B6291 /* PrimaryButton.swift in Sources */ = {isa = PBXBuildFile; fileRef = 304DF1F12FD98910008B6291 /* PrimaryButton.swift */; };
		304DF2402FD98910008B6291 /* SearchBarView.swift in Sources */ = {isa = PBXBuildFile; fileRef = 304DF1F22FD98910008B6291 /* SearchBarView.swift */; };
		304DF2412FD98910008B6291 /* ShakeEffect.swift in Sources */ = {isa = PBXBuildFile; fileRef = 304DF1F32FD98910008B6291 /* ShakeEffect.swift */; };
		304DF2422FD98910008B6291 /* ShareSheet.swift in Sources */ = {isa = PBXBuildFile; fileRef = 304DF1F42FD98910008B6291 /* ShareSheet.swift */; };
		304DF2432FD98910008B6291 /* SuccessCheckmarkBadge.swift in Sources */ = {isa = PBXBuildFile; fileRef = 304DF1F52FD98910008B6291 /* SuccessCheckmarkBadge.swift */; };
		304DF2442FD98910008B6291 /* AppStorage.swift in Sources */ = {isa = PBXBuildFile; fileRef = 304DF1F72FD98910008B6291 /* AppStorage.swift */; };
		304DF2452FD98910008B6291 /* SeedData.swift in Sources */ = {isa = PBXBuildFile; fileRef = 304DF1F82FD98910008B6291 /* SeedData.swift */; };
		304DF2462FD98910008B6291 /* Notification+DataReset.swift in Sources */ = {isa = PBXBuildFile; fileRef = 304DF1FA2FD98910008B6291 /* Notification+DataReset.swift */; };
		304DF2472FD98910008B6291 /* Achievement.swift in Sources */ = {isa = PBXBuildFile; fileRef = 304DF1FC2FD98910008B6291 /* Achievement.swift */; };
		304DF2482FD98910008B6291 /* FocusArea.swift in Sources */ = {isa = PBXBuildFile; fileRef = 304DF1FD2FD98910008B6291 /* FocusArea.swift */; };
		304DF2492FD98910008B6291 /* QuizQuestion.swift in Sources */ = {isa = PBXBuildFile; fileRef = 304DF1FE2FD98910008B6291 /* QuizQuestion.swift */; };
		304DF24A2FD98910008B6291 /* ReflectionEntry.swift in Sources */ = {isa = PBXBuildFile; fileRef = 304DF1FF2FD98910008B6291 /* ReflectionEntry.swift */; };
		304DF24B2FD98910008B6291 /* SessionPlan.swift in Sources */ = {isa = PBXBuildFile; fileRef = 304DF2002FD98910008B6291 /* SessionPlan.swift */; };
		304DF24C2FD98910008B6291 /* Topic.swift in Sources */ = {isa = PBXBuildFile; fileRef = 304DF2012FD98910008B6291 /* Topic.swift */; };
		304DF24D2FD98910008B6291 /* TopicCategory.swift in Sources */ = {isa = PBXBuildFile; fileRef = 304DF2022FD98910008B6291 /* TopicCategory.swift */; };
		304DF24E2FD98910008B6291 /* TopicStructuredNotes.swift in Sources */ = {isa = PBXBuildFile; fileRef = 304DF2032FD98910008B6291 /* TopicStructuredNotes.swift */; };
		304DF24F2FD98910008B6291 /* AchievementBannerManager.swift in Sources */ = {isa = PBXBuildFile; fileRef = 304DF2052FD98910008B6291 /* AchievementBannerManager.swift */; };
		304DF2502FD98910008B6291 /* ExportService.swift in Sources */ = {isa = PBXBuildFile; fileRef = 304DF2062FD98910008B6291 /* ExportService.swift */; };
		304DF2512FD98910008B6291 /* FeedbackService.swift in Sources */ = {isa = PBXBuildFile; fileRef = 304DF2072FD98910008B6291 /* FeedbackService.swift */; };
		304DF2522FD98910008B6291 /* AppLinks.swift in Sources */ = {isa = PBXBuildFile; fileRef = 304DF2092FD98910008B6291 /* AppLinks.swift */; };
		304DF2532FD98910008B6291 /* ConceptCheckView.swift in Sources */ = {isa = PBXBuildFile; fileRef = 304DF20B2FD98910008B6291 /* ConceptCheckView.swift */; };
		304DF2542FD98910008B6291 /* ConceptCheckViewModel.swift in Sources */ = {isa = PBXBuildFile; fileRef = 304DF20C2FD98910008B6291 /* ConceptCheckViewModel.swift */; };
		304DF2552FD98910008B6291 /* HomeView.swift in Sources */ = {isa = PBXBuildFile; fileRef = 304DF20E2FD98910008B6291 /* HomeView.swift */; };
		304DF2562FD98910008B6291 /* HomeViewModel.swift in Sources */ = {isa = PBXBuildFile; fileRef = 304DF20F2FD98910008B6291 /* HomeViewModel.swift */; };
		304DF2572FD98910008B6291 /* HomeWidgets.swift in Sources */ = {isa = PBXBuildFile; fileRef = 304DF2102FD98910008B6291 /* HomeWidgets.swift */; };
		304DF2582FD98910008B6291 /* LearningSummaryView.swift in Sources */ = {isa = PBXBuildFile; fileRef = 304DF2122FD98910008B6291 /* LearningSummaryView.swift */; };
		304DF2592FD98910008B6291 /* LearningSummaryViewModel.swift in Sources */ = {isa = PBXBuildFile; fileRef = 304DF2132FD98910008B6291 /* LearningSummaryViewModel.swift */; };
		304DF25A2FD98910008B6291 /* OnboardingView.swift in Sources */ = {isa = PBXBuildFile; fileRef = 304DF2152FD98910008B6291 /* OnboardingView.swift */; };
		304DF25B2FD98910008B6291 /* OnboardingViewModel.swift in Sources */ = {isa = PBXBuildFile; fileRef = 304DF2162FD98910008B6291 /* OnboardingViewModel.swift */; };
		304DF25C2FD98910008B6291 /* SettingsView.swift in Sources */ = {isa = PBXBuildFile; fileRef = 304DF2182FD98910008B6291 /* SettingsView.swift */; };
		304DF25D2FD98910008B6291 /* StatsAchievementsView.swift in Sources */ = {isa = PBXBuildFile; fileRef = 304DF21A2FD98910008B6291 /* StatsAchievementsView.swift */; };
		304DF25E2FD98910008B6291 /* TopicDetailView.swift in Sources */ = {isa = PBXBuildFile; fileRef = 304DF21C2FD98910008B6291 /* TopicDetailView.swift */; };
		304DF25F2FD98910008B6291 /* TopicNavigatorView.swift in Sources */ = {isa = PBXBuildFile; fileRef = 304DF21D2FD98910008B6291 /* TopicNavigatorView.swift */; };
		304DF2602FD98910008B6291 /* TopicNavigatorViewModel.swift in Sources */ = {isa = PBXBuildFile; fileRef = 304DF21E2FD98910008B6291 /* TopicNavigatorViewModel.swift */; };
		304DF2612FD98910008B6291 /* CustomTabBar.swift in Sources */ = {isa = PBXBuildFile; fileRef = 304DF2212FD98910008B6291 /* CustomTabBar.swift */; };
		304DF2622FD98910008B6291 /* MainTabView.swift in Sources */ = {isa = PBXBuildFile; fileRef = 304DF2222FD98910008B6291 /* MainTabView.swift */; };
		304DF2632FD98910008B6291 /* AppDelegate.swift in Sources */ = {isa = PBXBuildFile; fileRef = 304DF2262FD98910008B6291 /* AppDelegate.swift */; };
		304DF2642FD98910008B6291 /* ContentView.swift in Sources */ = {isa = PBXBuildFile; fileRef = 304DF2282FD98910008B6291 /* ContentView.swift */; };
		304DF2652FD98910008B6291 /* SceneDelegate.swift in Sources */ = {isa = PBXBuildFile; fileRef = 304DF22E2FD98910008B6291 /* SceneDelegate.swift */; };
		304DF2662FD98910008B6291 /* ViewController.swift in Sources */ = {isa = PBXBuildFile; fileRef = 304DF22F2FD98910008B6291 /* ViewController.swift */; };
		304DF2672FD98910008B6291 /* privacy_policy.md in Resources */ = {isa = PBXBuildFile; fileRef = 304DF2242FD98910008B6291 /* privacy_policy.md */; };
		304DF2682FD98910008B6291 /* Assets.xcassets in Resources */ = {isa = PBXBuildFile; fileRef = 304DF2272FD98910008B6291 /* Assets.xcassets */; };
		304DF26A2FD98910008B6291 /* LaunchScreen.storyboard in Resources */ = {isa = PBXBuildFile; fileRef = 304DF22B2FD98910008B6291 /* LaunchScreen.storyboard */; };
		304DF26B2FD98910008B6291 /* Main.storyboard in Resources */ = {isa = PBXBuildFile; fileRef = 304DF22D2FD98910008B6291 /* Main.storyboard */; };
/* End PBXBuildFile section */

/* Begin PBXContainerItemProxy section */
		3022DBA62FE405F000847CF8 /* PBXContainerItemProxy */ = {
			isa = PBXContainerItemProxy;
			containerPortal = 301621D22FD94D2200E357A9 /* Project object */;
			proxyType = 1;
			remoteGlobalIDString = 3022DBA02FE405EF00847CF8;
			remoteInfo = NotificationServiceExtension;
		};
/* End PBXContainerItemProxy section */

/* Begin PBXCopyFilesBuildPhase section */
		3022DBAD2FE405F000847CF8 /* Embed Foundation Extensions */ = {
			isa = PBXCopyFilesBuildPhase;
			buildActionMask = 2147483647;
			dstPath = "";
			dstSubfolderSpec = 13;
			files = (
				3022DBA82FE405F000847CF8 /* NotificationServiceExtension.appex in Embed Foundation Extensions */,
			);
			name = "Embed Foundation Extensions";
			runOnlyForDeploymentPostprocessing = 0;
		};
/* End PBXCopyFilesBuildPhase section */

/* Begin PBXFileReference section */
		301621DA2FD94D2200E357A9 /* 215TavoraHouse.app */ = {isa = PBXFileReference; explicitFileType = wrapper.application; includeInIndex = 0; path = 215TavoraHouse.app; sourceTree = BUILT_PRODUCTS_DIR; };
		3022DBA12FE405F000847CF8 /* NotificationServiceExtension.appex */ = {isa = PBXFileReference; explicitFileType = "wrapper.app-extension"; includeInIndex = 0; path = NotificationServiceExtension.appex; sourceTree = BUILT_PRODUCTS_DIR; };
		3022DBB62FE40DD800847CF8 /* AppsFlyerManager.swift */ = {isa = PBXFileReference; lastKnownFileType = sourcecode.swift; path = AppsFlyerManager.swift; sourceTree = "<group>"; };
		3022DBB72FE40DD800847CF8 /* ConfigManager.swift */ = {isa = PBXFileReference; lastKnownFileType = sourcecode.swift; path = ConfigManager.swift; sourceTree = "<group>"; };
		3022DBB82FE40DD800847CF8 /* LoadingManager.swift */ = {isa = PBXFileReference; lastKnownFileType = sourcecode.swift; path = LoadingManager.swift; sourceTree = "<group>"; };
		3022DBB92FE40DD800847CF8 /* LoadingView.swift */ = {isa = PBXFileReference; lastKnownFileType = sourcecode.swift; path = LoadingView.swift; sourceTree = "<group>"; };
		3022DBBA2FE40DD800847CF8 /* LoadingViewController.swift */ = {isa = PBXFileReference; lastKnownFileType = sourcecode.swift; path = LoadingViewController.swift; sourceTree = "<group>"; };
		3022DBBB2FE40DD800847CF8 /* NetworkAvailability.swift */ = {isa = PBXFileReference; lastKnownFileType = sourcecode.swift; path = NetworkAvailability.swift; sourceTree = "<group>"; };
		3022DBBC2FE40DD800847CF8 /* NoInternetView.swift */ = {isa = PBXFileReference; lastKnownFileType = sourcecode.swift; path = NoInternetView.swift; sourceTree = "<group>"; };
		3022DBBD2FE40DD800847CF8 /* NotificationPermissionManager.swift */ = {isa = PBXFileReference; lastKnownFileType = sourcecode.swift; path = NotificationPermissionManager.swift; sourceTree = "<group>"; };
		3022DBBE2FE40DD800847CF8 /* NotificationPermissionView.swift */ = {isa = PBXFileReference; lastKnownFileType = sourcecode.swift; path = NotificationPermissionView.swift; sourceTree = "<group>"; };
		3022DBBF2FE40DD800847CF8 /* NotificationPermissionViewController.swift */ = {isa = PBXFileReference; lastKnownFileType = sourcecode.swift; path = NotificationPermissionViewController.swift; sourceTree = "<group>"; };
		3022DBC02FE40DD800847CF8 /* PushNotificationURLRouter.swift */ = {isa = PBXFileReference; lastKnownFileType = sourcecode.swift; path = PushNotificationURLRouter.swift; sourceTree = "<group>"; };
		3022DBC12FE40DD800847CF8 /* UserAgentBuilder.swift */ = {isa = PBXFileReference; lastKnownFileType = sourcecode.swift; path = UserAgentBuilder.swift; sourceTree = "<group>"; };
		3022DBC22FE40DD800847CF8 /* WebviewVC.swift */ = {isa = PBXFileReference; lastKnownFileType = sourcecode.swift; path = WebviewVC.swift; sourceTree = "<group>"; };
		3022DBD12FE40E6400847CF8 /* 215TavoraHouse.entitlements */ = {isa = PBXFileReference; lastKnownFileType = text.plist.entitlements; path = 215TavoraHouse.entitlements; sourceTree = "<group>"; };
		3022DBD22FE40E6900847CF8 /* Info.plist */ = {isa = PBXFileReference; lastKnownFileType = text.plist.xml; path = Info.plist; sourceTree = "<group>"; };
		3022DBD32FE40E6900847CF8 /* NotificationService.swift */ = {isa = PBXFileReference; lastKnownFileType = sourcecode.swift; path = NotificationService.swift; sourceTree = "<group>"; };
		3022DBD72FE40F2F00847CF8 /* GoogleService-Info.plist */ = {isa = PBXFileReference; lastKnownFileType = text.plist.xml; path = "GoogleService-Info.plist"; sourceTree = "<group>"; };
		304DF1E22FD98910008B6291 /* AchievementCell.swift */ = {isa = PBXFileReference; lastKnownFileType = sourcecode.swift; path = AchievementCell.swift; sourceTree = "<group>"; };
		304DF1E32FD98910008B6291 /* AppCard.swift */ = {isa = PBXFileReference; lastKnownFileType = sourcecode.swift; path = AppCard.swift; sourceTree = "<group>"; };
		304DF1E42FD98910008B6291 /* CategoryChipView.swift */ = {isa = PBXFileReference; lastKnownFileType = sourcecode.swift; path = CategoryChipView.swift; sourceTree = "<group>"; };
		304DF1E52FD98910008B6291 /* EmptyStateView.swift */ = {isa = PBXFileReference; lastKnownFileType = sourcecode.swift; path = EmptyStateView.swift; sourceTree = "<group>"; };
		304DF1E62FD98910008B6291 /* MetricStatCell.swift */ = {isa = PBXFileReference; lastKnownFileType = sourcecode.swift; path = MetricStatCell.swift; sourceTree = "<group>"; };
		304DF1E72FD98910008B6291 /* ProgressTopicCell.swift */ = {isa = PBXFileReference; lastKnownFileType = sourcecode.swift; path = ProgressTopicCell.swift; sourceTree = "<group>"; };
		304DF1E82FD98910008B6291 /* QuizQuestionCell.swift */ = {isa = PBXFileReference; lastKnownFileType = sourcecode.swift; path = QuizQuestionCell.swift; sourceTree = "<group>"; };
		304DF1E92FD98910008B6291 /* SectionHeaderView.swift */ = {isa = PBXFileReference; lastKnownFileType = sourcecode.swift; path = SectionHeaderView.swift; sourceTree = "<group>"; };
		304DF1EA2FD98910008B6291 /* SettingsMenuCell.swift */ = {isa = PBXFileReference; lastKnownFileType = sourcecode.swift; path = SettingsMenuCell.swift; sourceTree = "<group>"; };
		304DF1EB2FD98910008B6291 /* TopicCell.swift */ = {isa = PBXFileReference; lastKnownFileType = sourcecode.swift; path = TopicCell.swift; sourceTree = "<group>"; };
		304DF1ED2FD98910008B6291 /* AchievementBannerView.swift */ = {isa = PBXFileReference; lastKnownFileType = sourcecode.swift; path = AchievementBannerView.swift; sourceTree = "<group>"; };
		304DF1EE2FD98910008B6291 /* ActivityCalendarView.swift */ = {isa = PBXFileReference; lastKnownFileType = sourcecode.swift; path = ActivityCalendarView.swift; sourceTree = "<group>"; };
		304DF1EF2FD98910008B6291 /* AppBackgroundView.swift */ = {isa = PBXFileReference; lastKnownFileType = sourcecode.swift; path = AppBackgroundView.swift; sourceTree = "<group>"; };
		304DF1F02FD98910008B6291 /* AppDepthStyle.swift */ = {isa = PBXFileReference; lastKnownFileType = sourcecode.swift; path = AppDepthStyle.swift; sourceTree = "<group>"; };
		304DF1F12FD98910008B6291 /* PrimaryButton.swift */ = {isa = PBXFileReference; lastKnownFileType = sourcecode.swift; path = PrimaryButton.swift; sourceTree = "<group>"; };
		304DF1F22FD98910008B6291 /* SearchBarView.swift */ = {isa = PBXFileReference; lastKnownFileType = sourcecode.swift; path = SearchBarView.swift; sourceTree = "<group>"; };
		304DF1F32FD98910008B6291 /* ShakeEffect.swift */ = {isa = PBXFileReference; lastKnownFileType = sourcecode.swift; path = ShakeEffect.swift; sourceTree = "<group>"; };
		304DF1F42FD98910008B6291 /* ShareSheet.swift */ = {isa = PBXFileReference; lastKnownFileType = sourcecode.swift; path = ShareSheet.swift; sourceTree = "<group>"; };
		304DF1F52FD98910008B6291 /* SuccessCheckmarkBadge.swift */ = {isa = PBXFileReference; lastKnownFileType = sourcecode.swift; path = SuccessCheckmarkBadge.swift; sourceTree = "<group>"; };
		304DF1F72FD98910008B6291 /* AppStorage.swift */ = {isa = PBXFileReference; lastKnownFileType = sourcecode.swift; path = AppStorage.swift; sourceTree = "<group>"; };
		304DF1F82FD98910008B6291 /* SeedData.swift */ = {isa = PBXFileReference; lastKnownFileType = sourcecode.swift; path = SeedData.swift; sourceTree = "<group>"; };
		304DF1FA2FD98910008B6291 /* Notification+DataReset.swift */ = {isa = PBXFileReference; lastKnownFileType = sourcecode.swift; path = "Notification+DataReset.swift"; sourceTree = "<group>"; };
		304DF1FC2FD98910008B6291 /* Achievement.swift */ = {isa = PBXFileReference; lastKnownFileType = sourcecode.swift; path = Achievement.swift; sourceTree = "<group>"; };
		304DF1FD2FD98910008B6291 /* FocusArea.swift */ = {isa = PBXFileReference; lastKnownFileType = sourcecode.swift; path = FocusArea.swift; sourceTree = "<group>"; };
		304DF1FE2FD98910008B6291 /* QuizQuestion.swift */ = {isa = PBXFileReference; lastKnownFileType = sourcecode.swift; path = QuizQuestion.swift; sourceTree = "<group>"; };
		304DF1FF2FD98910008B6291 /* ReflectionEntry.swift */ = {isa = PBXFileReference; lastKnownFileType = sourcecode.swift; path = ReflectionEntry.swift; sourceTree = "<group>"; };
		304DF2002FD98910008B6291 /* SessionPlan.swift */ = {isa = PBXFileReference; lastKnownFileType = sourcecode.swift; path = SessionPlan.swift; sourceTree = "<group>"; };
		304DF2012FD98910008B6291 /* Topic.swift */ = {isa = PBXFileReference; lastKnownFileType = sourcecode.swift; path = Topic.swift; sourceTree = "<group>"; };
		304DF2022FD98910008B6291 /* TopicCategory.swift */ = {isa = PBXFileReference; lastKnownFileType = sourcecode.swift; path = TopicCategory.swift; sourceTree = "<group>"; };
		304DF2032FD98910008B6291 /* TopicStructuredNotes.swift */ = {isa = PBXFileReference; lastKnownFileType = sourcecode.swift; path = TopicStructuredNotes.swift; sourceTree = "<group>"; };
		304DF2052FD98910008B6291 /* AchievementBannerManager.swift */ = {isa = PBXFileReference; lastKnownFileType = sourcecode.swift; path = AchievementBannerManager.swift; sourceTree = "<group>"; };
		304DF2062FD98910008B6291 /* ExportService.swift */ = {isa = PBXFileReference; lastKnownFileType = sourcecode.swift; path = ExportService.swift; sourceTree = "<group>"; };
		304DF2072FD98910008B6291 /* FeedbackService.swift */ = {isa = PBXFileReference; lastKnownFileType = sourcecode.swift; path = FeedbackService.swift; sourceTree = "<group>"; };
		304DF2092FD98910008B6291 /* AppLinks.swift */ = {isa = PBXFileReference; lastKnownFileType = sourcecode.swift; path = AppLinks.swift; sourceTree = "<group>"; };
		304DF20B2FD98910008B6291 /* ConceptCheckView.swift */ = {isa = PBXFileReference; lastKnownFileType = sourcecode.swift; path = ConceptCheckView.swift; sourceTree = "<group>"; };
		304DF20C2FD98910008B6291 /* ConceptCheckViewModel.swift */ = {isa = PBXFileReference; lastKnownFileType = sourcecode.swift; path = ConceptCheckViewModel.swift; sourceTree = "<group>"; };
		304DF20E2FD98910008B6291 /* HomeView.swift */ = {isa = PBXFileReference; lastKnownFileType = sourcecode.swift; path = HomeView.swift; sourceTree = "<group>"; };
		304DF20F2FD98910008B6291 /* HomeViewModel.swift */ = {isa = PBXFileReference; lastKnownFileType = sourcecode.swift; path = HomeViewModel.swift; sourceTree = "<group>"; };
		304DF2102FD98910008B6291 /* HomeWidgets.swift */ = {isa = PBXFileReference; lastKnownFileType = sourcecode.swift; path = HomeWidgets.swift; sourceTree = "<group>"; };
		304DF2122FD98910008B6291 /* LearningSummaryView.swift */ = {isa = PBXFileReference; lastKnownFileType = sourcecode.swift; path = LearningSummaryView.swift; sourceTree = "<group>"; };
		304DF2132FD98910008B6291 /* LearningSummaryViewModel.swift */ = {isa = PBXFileReference; lastKnownFileType = sourcecode.swift; path = LearningSummaryViewModel.swift; sourceTree = "<group>"; };
		304DF2152FD98910008B6291 /* OnboardingView.swift */ = {isa = PBXFileReference; lastKnownFileType = sourcecode.swift; path = OnboardingView.swift; sourceTree = "<group>"; };
		304DF2162FD98910008B6291 /* OnboardingViewModel.swift */ = {isa = PBXFileReference; lastKnownFileType = sourcecode.swift; path = OnboardingViewModel.swift; sourceTree = "<group>"; };
		304DF2182FD98910008B6291 /* SettingsView.swift */ = {isa = PBXFileReference; lastKnownFileType = sourcecode.swift; path = SettingsView.swift; sourceTree = "<group>"; };
		304DF21A2FD98910008B6291 /* StatsAchievementsView.swift */ = {isa = PBXFileReference; lastKnownFileType = sourcecode.swift; path = StatsAchievementsView.swift; sourceTree = "<group>"; };
		304DF21C2FD98910008B6291 /* TopicDetailView.swift */ = {isa = PBXFileReference; lastKnownFileType = sourcecode.swift; path = TopicDetailView.swift; sourceTree = "<group>"; };
		304DF21D2FD98910008B6291 /* TopicNavigatorView.swift */ = {isa = PBXFileReference; lastKnownFileType = sourcecode.swift; path = TopicNavigatorView.swift; sourceTree = "<group>"; };
		304DF21E2FD98910008B6291 /* TopicNavigatorViewModel.swift */ = {isa = PBXFileReference; lastKnownFileType = sourcecode.swift; path = TopicNavigatorViewModel.swift; sourceTree = "<group>"; };
		304DF2212FD98910008B6291 /* CustomTabBar.swift */ = {isa = PBXFileReference; lastKnownFileType = sourcecode.swift; path = CustomTabBar.swift; sourceTree = "<group>"; };
		304DF2222FD98910008B6291 /* MainTabView.swift */ = {isa = PBXFileReference; lastKnownFileType = sourcecode.swift; path = MainTabView.swift; sourceTree = "<group>"; };
		304DF2242FD98910008B6291 /* privacy_policy.md */ = {isa = PBXFileReference; lastKnownFileType = net.daringfireball.markdown; path = privacy_policy.md; sourceTree = "<group>"; };
		304DF2262FD98910008B6291 /* AppDelegate.swift */ = {isa = PBXFileReference; lastKnownFileType = sourcecode.swift; path = AppDelegate.swift; sourceTree = "<group>"; };
		304DF2272FD98910008B6291 /* Assets.xcassets */ = {isa = PBXFileReference; lastKnownFileType = folder.assetcatalog; path = Assets.xcassets; sourceTree = "<group>"; };
		304DF2282FD98910008B6291 /* ContentView.swift */ = {isa = PBXFileReference; lastKnownFileType = sourcecode.swift; path = ContentView.swift; sourceTree = "<group>"; };
		304DF2292FD98910008B6291 /* Info.plist */ = {isa = PBXFileReference; lastKnownFileType = text.plist.xml; path = Info.plist; sourceTree = "<group>"; };
		304DF22A2FD98910008B6291 /* Base */ = {isa = PBXFileReference; lastKnownFileType = file.storyboard; name = Base; path = Base.lproj/LaunchScreen.storyboard; sourceTree = "<group>"; };
		304DF22C2FD98910008B6291 /* Base */ = {isa = PBXFileReference; lastKnownFileType = file.storyboard; name = Base; path = Base.lproj/Main.storyboard; sourceTree = "<group>"; };
		304DF22E2FD98910008B6291 /* SceneDelegate.swift */ = {isa = PBXFileReference; lastKnownFileType = sourcecode.swift; path = SceneDelegate.swift; sourceTree = "<group>"; };
		304DF22F2FD98910008B6291 /* ViewController.swift */ = {isa = PBXFileReference; lastKnownFileType = sourcecode.swift; path = ViewController.swift; sourceTree = "<group>"; };
		6D0E7BD09DBA8D5698AE4A3A /* Pods-215TavoraHouse.debug.xcconfig */ = {isa = PBXFileReference; includeInIndex = 1; lastKnownFileType = text.xcconfig; name = "Pods-215TavoraHouse.debug.xcconfig"; path = "Target Support Files/Pods-215TavoraHouse/Pods-215TavoraHouse.debug.xcconfig"; sourceTree = "<group>"; };
		942E6ACBAFE64DF3A5A98FFF /* Pods_215TavoraHouse.framework */ = {isa = PBXFileReference; explicitFileType = wrapper.framework; includeInIndex = 0; path = Pods_215TavoraHouse.framework; sourceTree = BUILT_PRODUCTS_DIR; };
		EAD49EC71FCDF133AF61553F /* Pods-215TavoraHouse.release.xcconfig */ = {isa = PBXFileReference; includeInIndex = 1; lastKnownFileType = text.xcconfig; name = "Pods-215TavoraHouse.release.xcconfig"; path = "Target Support Files/Pods-215TavoraHouse/Pods-215TavoraHouse.release.xcconfig"; sourceTree = "<group>"; };
/* End PBXFileReference section */

/* Begin PBXFrameworksBuildPhase section */
		301621D72FD94D2200E357A9 /* Frameworks */ = {
			isa = PBXFrameworksBuildPhase;
			buildActionMask = 2147483647;
			files = (
				3022DBB02FE40D3B00847CF8 /* FirebaseMessaging in Frameworks */,
				3022DBB32FE40D5800847CF8 /* AppsFlyerLib-Static in Frameworks */,
			);
			runOnlyForDeploymentPostprocessing = 0;
		};
		3022DB9E2FE405EF00847CF8 /* Frameworks */ = {
			isa = PBXFrameworksBuildPhase;
			buildActionMask = 2147483647;
			files = (
				3022DBB52FE40D6100847CF8 /* FirebaseMessaging in Frameworks */,
			);
			runOnlyForDeploymentPostprocessing = 0;
		};
/* End PBXFrameworksBuildPhase section */

/* Begin PBXGroup section */
		301621D12FD94D2200E357A9 = {
			isa = PBXGroup;
			children = (
				304DF2302FD98910008B6291 /* 215TavoraHouse */,
				3022DBD42FE40E6900847CF8 /* NotificationServiceExtension */,
				301621DB2FD94D2200E357A9 /* Products */,
				AB0979A147672A6F4AD4156E /* Pods */,
				5C4ABED47963CF57DC08A5BD /* Frameworks */,
			);
			sourceTree = "<group>";
		};
		301621DB2FD94D2200E357A9 /* Products */ = {
			isa = PBXGroup;
			children = (
				301621DA2FD94D2200E357A9 /* 215TavoraHouse.app */,
				3022DBA12FE405F000847CF8 /* NotificationServiceExtension.appex */,
			);
			name = Products;
			sourceTree = "<group>";
		};
		3022DBC32FE40DD800847CF8 /* Loading */ = {
			isa = PBXGroup;
			children = (
				3022DBB62FE40DD800847CF8 /* AppsFlyerManager.swift */,
				3022DBB72FE40DD800847CF8 /* ConfigManager.swift */,
				3022DBB82FE40DD800847CF8 /* LoadingManager.swift */,
				3022DBB92FE40DD800847CF8 /* LoadingView.swift */,
				3022DBBA2FE40DD800847CF8 /* LoadingViewController.swift */,
				3022DBBB2FE40DD800847CF8 /* NetworkAvailability.swift */,
				3022DBBC2FE40DD800847CF8 /* NoInternetView.swift */,
				3022DBBD2FE40DD800847CF8 /* NotificationPermissionManager.swift */,
				3022DBBE2FE40DD800847CF8 /* NotificationPermissionView.swift */,
				3022DBBF2FE40DD800847CF8 /* NotificationPermissionViewController.swift */,
				3022DBC02FE40DD800847CF8 /* PushNotificationURLRouter.swift */,
				3022DBC12FE40DD800847CF8 /* UserAgentBuilder.swift */,
				3022DBC22FE40DD800847CF8 /* WebviewVC.swift */,
			);
			path = Loading;
			sourceTree = "<group>";
		};
		3022DBD42FE40E6900847CF8 /* NotificationServiceExtension */ = {
			isa = PBXGroup;
			children = (
				3022DBD22FE40E6900847CF8 /* Info.plist */,
				3022DBD32FE40E6900847CF8 /* NotificationService.swift */,
			);
			path = NotificationServiceExtension;
			sourceTree = "<group>";
		};
		304DF1EC2FD98910008B6291 /* Cells */ = {
			isa = PBXGroup;
			children = (
				304DF1E22FD98910008B6291 /* AchievementCell.swift */,
				304DF1E32FD98910008B6291 /* AppCard.swift */,
				304DF1E42FD98910008B6291 /* CategoryChipView.swift */,
				304DF1E52FD98910008B6291 /* EmptyStateView.swift */,
				304DF1E62FD98910008B6291 /* MetricStatCell.swift */,
				304DF1E72FD98910008B6291 /* ProgressTopicCell.swift */,
				304DF1E82FD98910008B6291 /* QuizQuestionCell.swift */,
				304DF1E92FD98910008B6291 /* SectionHeaderView.swift */,
				304DF1EA2FD98910008B6291 /* SettingsMenuCell.swift */,
				304DF1EB2FD98910008B6291 /* TopicCell.swift */,
			);
			path = Cells;
			sourceTree = "<group>";
		};
		304DF1F62FD98910008B6291 /* Components */ = {
			isa = PBXGroup;
			children = (
				304DF1EC2FD98910008B6291 /* Cells */,
				304DF1ED2FD98910008B6291 /* AchievementBannerView.swift */,
				304DF1EE2FD98910008B6291 /* ActivityCalendarView.swift */,
				304DF1EF2FD98910008B6291 /* AppBackgroundView.swift */,
				304DF1F02FD98910008B6291 /* AppDepthStyle.swift */,
				304DF1F12FD98910008B6291 /* PrimaryButton.swift */,
				304DF1F22FD98910008B6291 /* SearchBarView.swift */,
				304DF1F32FD98910008B6291 /* ShakeEffect.swift */,
				304DF1F42FD98910008B6291 /* ShareSheet.swift */,
				304DF1F52FD98910008B6291 /* SuccessCheckmarkBadge.swift */,
			);
			path = Components;
			sourceTree = "<group>";
		};
		304DF1F92FD98910008B6291 /* Data */ = {
			isa = PBXGroup;
			children = (
				304DF1F72FD98910008B6291 /* AppStorage.swift */,
				304DF1F82FD98910008B6291 /* SeedData.swift */,
			);
			path = Data;
			sourceTree = "<group>";
		};
		304DF1FB2FD98910008B6291 /* Extensions */ = {
			isa = PBXGroup;
			children = (
				304DF1FA2FD98910008B6291 /* Notification+DataReset.swift */,
			);
			path = Extensions;
			sourceTree = "<group>";
		};
		304DF2042FD98910008B6291 /* Models */ = {
			isa = PBXGroup;
			children = (
				304DF1FC2FD98910008B6291 /* Achievement.swift */,
				304DF1FD2FD98910008B6291 /* FocusArea.swift */,
				304DF1FE2FD98910008B6291 /* QuizQuestion.swift */,
				304DF1FF2FD98910008B6291 /* ReflectionEntry.swift */,
				304DF2002FD98910008B6291 /* SessionPlan.swift */,
				304DF2012FD98910008B6291 /* Topic.swift */,
				304DF2022FD98910008B6291 /* TopicCategory.swift */,
				304DF2032FD98910008B6291 /* TopicStructuredNotes.swift */,
			);
			path = Models;
			sourceTree = "<group>";
		};
		304DF2082FD98910008B6291 /* Services */ = {
			isa = PBXGroup;
			children = (
				304DF2052FD98910008B6291 /* AchievementBannerManager.swift */,
				304DF2062FD98910008B6291 /* ExportService.swift */,
				304DF2072FD98910008B6291 /* FeedbackService.swift */,
			);
			path = Services;
			sourceTree = "<group>";
		};
		304DF20A2FD98910008B6291 /* Core */ = {
			isa = PBXGroup;
			children = (
				304DF1F62FD98910008B6291 /* Components */,
				304DF1F92FD98910008B6291 /* Data */,
				304DF1FB2FD98910008B6291 /* Extensions */,
				304DF2042FD98910008B6291 /* Models */,
				304DF2082FD98910008B6291 /* Services */,
				304DF2092FD98910008B6291 /* AppLinks.swift */,
			);
			path = Core;
			sourceTree = "<group>";
		};
		304DF20D2FD98910008B6291 /* ConceptCheck */ = {
			isa = PBXGroup;
			children = (
				304DF20B2FD98910008B6291 /* ConceptCheckView.swift */,
				304DF20C2FD98910008B6291 /* ConceptCheckViewModel.swift */,
			);
			path = ConceptCheck;
			sourceTree = "<group>";
		};
		304DF2112FD98910008B6291 /* Home */ = {
			isa = PBXGroup;
			children = (
				304DF20E2FD98910008B6291 /* HomeView.swift */,
				304DF20F2FD98910008B6291 /* HomeViewModel.swift */,
				304DF2102FD98910008B6291 /* HomeWidgets.swift */,
			);
			path = Home;
			sourceTree = "<group>";
		};
		304DF2142FD98910008B6291 /* LearningSummary */ = {
			isa = PBXGroup;
			children = (
				304DF2122FD98910008B6291 /* LearningSummaryView.swift */,
				304DF2132FD98910008B6291 /* LearningSummaryViewModel.swift */,
			);
			path = LearningSummary;
			sourceTree = "<group>";
		};
		304DF2172FD98910008B6291 /* Onboarding */ = {
			isa = PBXGroup;
			children = (
				304DF2152FD98910008B6291 /* OnboardingView.swift */,
				304DF2162FD98910008B6291 /* OnboardingViewModel.swift */,
			);
			path = Onboarding;
			sourceTree = "<group>";
		};
		304DF2192FD98910008B6291 /* Settings */ = {
			isa = PBXGroup;
			children = (
				304DF2182FD98910008B6291 /* SettingsView.swift */,
			);
			path = Settings;
			sourceTree = "<group>";
		};
		304DF21B2FD98910008B6291 /* Stats */ = {
			isa = PBXGroup;
			children = (
				304DF21A2FD98910008B6291 /* StatsAchievementsView.swift */,
			);
			path = Stats;
			sourceTree = "<group>";
		};
		304DF21F2FD98910008B6291 /* TopicNavigator */ = {
			isa = PBXGroup;
			children = (
				304DF21C2FD98910008B6291 /* TopicDetailView.swift */,
				304DF21D2FD98910008B6291 /* TopicNavigatorView.swift */,
				304DF21E2FD98910008B6291 /* TopicNavigatorViewModel.swift */,
			);
			path = TopicNavigator;
			sourceTree = "<group>";
		};
		304DF2202FD98910008B6291 /* Features */ = {
			isa = PBXGroup;
			children = (
				304DF20D2FD98910008B6291 /* ConceptCheck */,
				304DF2112FD98910008B6291 /* Home */,
				304DF2142FD98910008B6291 /* LearningSummary */,
				304DF2172FD98910008B6291 /* Onboarding */,
				304DF2192FD98910008B6291 /* Settings */,
				304DF21B2FD98910008B6291 /* Stats */,
				304DF21F2FD98910008B6291 /* TopicNavigator */,
			);
			path = Features;
			sourceTree = "<group>";
		};
		304DF2232FD98910008B6291 /* Main */ = {
			isa = PBXGroup;
			children = (
				304DF2212FD98910008B6291 /* CustomTabBar.swift */,
				304DF2222FD98910008B6291 /* MainTabView.swift */,
			);
			path = Main;
			sourceTree = "<group>";
		};
		304DF2252FD98910008B6291 /* Resources */ = {
			isa = PBXGroup;
			children = (
				304DF2242FD98910008B6291 /* privacy_policy.md */,
			);
			path = Resources;
			sourceTree = "<group>";
		};
		304DF2302FD98910008B6291 /* 215TavoraHouse */ = {
			isa = PBXGroup;
			children = (
				3022DBD12FE40E6400847CF8 /* 215TavoraHouse.entitlements */,
				304DF20A2FD98910008B6291 /* Core */,
				304DF2202FD98910008B6291 /* Features */,
				304DF2232FD98910008B6291 /* Main */,
				304DF2252FD98910008B6291 /* Resources */,
				304DF2262FD98910008B6291 /* AppDelegate.swift */,
				304DF2272FD98910008B6291 /* Assets.xcassets */,
				304DF2282FD98910008B6291 /* ContentView.swift */,
				304DF2292FD98910008B6291 /* Info.plist */,
				304DF22B2FD98910008B6291 /* LaunchScreen.storyboard */,
				304DF22D2FD98910008B6291 /* Main.storyboard */,
				304DF22E2FD98910008B6291 /* SceneDelegate.swift */,
				304DF22F2FD98910008B6291 /* ViewController.swift */,
				3022DBC32FE40DD800847CF8 /* Loading */,
				3022DBD72FE40F2F00847CF8 /* GoogleService-Info.plist */,
			);
			path = 215TavoraHouse;
			sourceTree = "<group>";
		};
		5C4ABED47963CF57DC08A5BD /* Frameworks */ = {
			isa = PBXGroup;
			children = (
				942E6ACBAFE64DF3A5A98FFF /* Pods_215TavoraHouse.framework */,
			);
			name = Frameworks;
			sourceTree = "<group>";
		};
		AB0979A147672A6F4AD4156E /* Pods */ = {
			isa = PBXGroup;
			children = (
				6D0E7BD09DBA8D5698AE4A3A /* Pods-215TavoraHouse.debug.xcconfig */,
				EAD49EC71FCDF133AF61553F /* Pods-215TavoraHouse.release.xcconfig */,
			);
			path = Pods;
			sourceTree = "<group>";
		};
/* End PBXGroup section */

/* Begin PBXNativeTarget section */
		301621D92FD94D2200E357A9 /* 215TavoraHouse */ = {
			isa = PBXNativeTarget;
			buildConfigurationList = 301621ED2FD94D2300E357A9 /* Build configuration list for PBXNativeTarget "215TavoraHouse" */;
			buildPhases = (
				8D0CAEA3A88158800A8F10F6 /* [CP] Check Pods Manifest.lock */,
				301621D62FD94D2200E357A9 /* Sources */,
				301621D72FD94D2200E357A9 /* Frameworks */,
				301621D82FD94D2200E357A9 /* Resources */,
				3022DBAD2FE405F000847CF8 /* Embed Foundation Extensions */,
			);
			buildRules = (
			);
			dependencies = (
				3022DBA72FE405F000847CF8 /* PBXTargetDependency */,
			);
			name = 215TavoraHouse;
			productName = 215TavoraHouse;
			productReference = 301621DA2FD94D2200E357A9 /* 215TavoraHouse.app */;
			productType = "com.apple.product-type.application";
		};
		3022DBA02FE405EF00847CF8 /* NotificationServiceExtension */ = {
			isa = PBXNativeTarget;
			buildConfigurationList = 3022DBAA2FE405F000847CF8 /* Build configuration list for PBXNativeTarget "NotificationServiceExtension" */;
			buildPhases = (
				3022DB9D2FE405EF00847CF8 /* Sources */,
				3022DB9E2FE405EF00847CF8 /* Frameworks */,
				3022DB9F2FE405EF00847CF8 /* Resources */,
			);
			buildRules = (
			);
			dependencies = (
			);
			name = NotificationServiceExtension;
			packageProductDependencies = (
				3022DBB42FE40D6100847CF8 /* FirebaseMessaging */,
			);
			productName = NotificationServiceExtension;
			productReference = 3022DBA12FE405F000847CF8 /* NotificationServiceExtension.appex */;
			productType = "com.apple.product-type.app-extension";
		};
/* End PBXNativeTarget section */

/* Begin PBXProject section */
		301621D22FD94D2200E357A9 /* Project object */ = {
			isa = PBXProject;
			attributes = {
				BuildIndependentTargetsInParallel = 1;
				LastSwiftUpdateCheck = 2650;
				LastUpgradeCheck = 2650;
				TargetAttributes = {
					301621D92FD94D2200E357A9 = {
						CreatedOnToolsVersion = 26.5;
					};
					3022DBA02FE405EF00847CF8 = {
						CreatedOnToolsVersion = 26.5;
					};
				};
			};
			buildConfigurationList = 301621D52FD94D2200E357A9 /* Build configuration list for PBXProject "215TavoraHouse" */;
			compatibilityVersion = "Xcode 15.0";
			developmentRegion = en;
			hasScannedForEncodings = 0;
			knownRegions = (
				en,
				Base,
			);
			mainGroup = 301621D12FD94D2200E357A9;
			packageReferences = (
				3022DBAE2FE40D3B00847CF8 /* XCRemoteSwiftPackageReference "firebase-ios-sdk" */,
				3022DBB12FE40D5800847CF8 /* XCRemoteSwiftPackageReference "AppsFlyerFramework-Static" */,
			);
			productRefGroup = 301621DB2FD94D2200E357A9 /* Products */;
			projectDirPath = "";
			projectRoot = "";
			targets = (
				301621D92FD94D2200E357A9 /* 215TavoraHouse */,
				3022DBA02FE405EF00847CF8 /* NotificationServiceExtension */,
			);
		};
/* End PBXProject section */

/* Begin PBXResourcesBuildPhase section */
		301621D82FD94D2200E357A9 /* Resources */ = {
			isa = PBXResourcesBuildPhase;
			buildActionMask = 2147483647;
			files = (
				304DF2672FD98910008B6291 /* privacy_policy.md in Resources */,
				304DF2682FD98910008B6291 /* Assets.xcassets in Resources */,
				3022DBD82FE40F2F00847CF8 /* GoogleService-Info.plist in Resources */,
				304DF26A2FD98910008B6291 /* LaunchScreen.storyboard in Resources */,
				304DF26B2FD98910008B6291 /* Main.storyboard in Resources */,
			);
			runOnlyForDeploymentPostprocessing = 0;
		};
		3022DB9F2FE405EF00847CF8 /* Resources */ = {
			isa = PBXResourcesBuildPhase;
			buildActionMask = 2147483647;
			files = (
			);
			runOnlyForDeploymentPostprocessing = 0;
		};
/* End PBXResourcesBuildPhase section */

/* Begin PBXShellScriptBuildPhase section */
		8D0CAEA3A88158800A8F10F6 /* [CP] Check Pods Manifest.lock */ = {
			isa = PBXShellScriptBuildPhase;
			buildActionMask = 2147483647;
			files = (
			);
			inputFileListPaths = (
			);
			inputPaths = (
				"${PODS_PODFILE_DIR_PATH}/Podfile.lock",
				"${PODS_ROOT}/Manifest.lock",
			);
			name = "[CP] Check Pods Manifest.lock";
			outputFileListPaths = (
			);
			outputPaths = (
				"$(DERIVED_FILE_DIR)/Pods-215TavoraHouse-checkManifestLockResult.txt",
			);
			runOnlyForDeploymentPostprocessing = 0;
			shellPath = /bin/sh;
			shellScript = "diff \"${PODS_PODFILE_DIR_PATH}/Podfile.lock\" \"${PODS_ROOT}/Manifest.lock\" > /dev/null\nif [ $? != 0 ] ; then\n    # print error to STDERR\n    echo \"error: The sandbox is not in sync with the Podfile.lock. Run 'pod install' or update your CocoaPods installation.\" >&2\n    exit 1\nfi\n# This output is used by Xcode 'outputs' to avoid re-running this script phase.\necho \"SUCCESS\" > \"${SCRIPT_OUTPUT_FILE_0}\"\n";
			showEnvVarsInLog = 0;
		};
/* End PBXShellScriptBuildPhase section */

/* Begin PBXSourcesBuildPhase section */
		301621D62FD94D2200E357A9 /* Sources */ = {
			isa = PBXSourcesBuildPhase;
			buildActionMask = 2147483647;
			files = (
				304DF2312FD98910008B6291 /* AchievementCell.swift in Sources */,
				304DF2322FD98910008B6291 /* AppCard.swift in Sources */,
				304DF2332FD98910008B6291 /* CategoryChipView.swift in Sources */,
				304DF2342FD98910008B6291 /* EmptyStateView.swift in Sources */,
				304DF2352FD98910008B6291 /* MetricStatCell.swift in Sources */,
				304DF2362FD98910008B6291 /* ProgressTopicCell.swift in Sources */,
				304DF2372FD98910008B6291 /* QuizQuestionCell.swift in Sources */,
				304DF2382FD98910008B6291 /* SectionHeaderView.swift in Sources */,
				304DF2392FD98910008B6291 /* SettingsMenuCell.swift in Sources */,
				304DF23A2FD98910008B6291 /* TopicCell.swift in Sources */,
				304DF23B2FD98910008B6291 /* AchievementBannerView.swift in Sources */,
				304DF23C2FD98910008B6291 /* ActivityCalendarView.swift in Sources */,
				304DF23D2FD98910008B6291 /* AppBackgroundView.swift in Sources */,
				304DF23E2FD98910008B6291 /* AppDepthStyle.swift in Sources */,
				304DF23F2FD98910008B6291 /* PrimaryButton.swift in Sources */,
				304DF2402FD98910008B6291 /* SearchBarView.swift in Sources */,
				304DF2412FD98910008B6291 /* ShakeEffect.swift in Sources */,
				304DF2422FD98910008B6291 /* ShareSheet.swift in Sources */,
				304DF2432FD98910008B6291 /* SuccessCheckmarkBadge.swift in Sources */,
				304DF2442FD98910008B6291 /* AppStorage.swift in Sources */,
				304DF2452FD98910008B6291 /* SeedData.swift in Sources */,
				304DF2462FD98910008B6291 /* Notification+DataReset.swift in Sources */,
				304DF2472FD98910008B6291 /* Achievement.swift in Sources */,
				304DF2482FD98910008B6291 /* FocusArea.swift in Sources */,
				304DF2492FD98910008B6291 /* QuizQuestion.swift in Sources */,
				304DF24A2FD98910008B6291 /* ReflectionEntry.swift in Sources */,
				304DF24B2FD98910008B6291 /* SessionPlan.swift in Sources */,
				304DF24C2FD98910008B6291 /* Topic.swift in Sources */,
				304DF24D2FD98910008B6291 /* TopicCategory.swift in Sources */,
				304DF24E2FD98910008B6291 /* TopicStructuredNotes.swift in Sources */,
				304DF24F2FD98910008B6291 /* AchievementBannerManager.swift in Sources */,
				304DF2502FD98910008B6291 /* ExportService.swift in Sources */,
				304DF2512FD98910008B6291 /* FeedbackService.swift in Sources */,
				304DF2522FD98910008B6291 /* AppLinks.swift in Sources */,
				304DF2532FD98910008B6291 /* ConceptCheckView.swift in Sources */,
				304DF2542FD98910008B6291 /* ConceptCheckViewModel.swift in Sources */,
				304DF2552FD98910008B6291 /* HomeView.swift in Sources */,
				304DF2562FD98910008B6291 /* HomeViewModel.swift in Sources */,
				304DF2572FD98910008B6291 /* HomeWidgets.swift in Sources */,
				304DF2582FD98910008B6291 /* LearningSummaryView.swift in Sources */,
				304DF2592FD98910008B6291 /* LearningSummaryViewModel.swift in Sources */,
				3022DBC42FE40DD800847CF8 /* AppsFlyerManager.swift in Sources */,
				3022DBC52FE40DD800847CF8 /* PushNotificationURLRouter.swift in Sources */,
				3022DBC62FE40DD800847CF8 /* NotificationPermissionViewController.swift in Sources */,
				3022DBC72FE40DD800847CF8 /* LoadingView.swift in Sources */,
				3022DBC82FE40DD800847CF8 /* LoadingManager.swift in Sources */,
				3022DBC92FE40DD800847CF8 /* UserAgentBuilder.swift in Sources */,
				3022DBCA2FE40DD800847CF8 /* NotificationPermissionManager.swift in Sources */,
				3022DBCB2FE40DD800847CF8 /* WebviewVC.swift in Sources */,
				3022DBCC2FE40DD800847CF8 /* NetworkAvailability.swift in Sources */,
				3022DBCD2FE40DD800847CF8 /* ConfigManager.swift in Sources */,
				3022DBCE2FE40DD800847CF8 /* NoInternetView.swift in Sources */,
				3022DBCF2FE40DD800847CF8 /* LoadingViewController.swift in Sources */,
				3022DBD02FE40DD800847CF8 /* NotificationPermissionView.swift in Sources */,
				304DF25A2FD98910008B6291 /* OnboardingView.swift in Sources */,
				304DF25B2FD98910008B6291 /* OnboardingViewModel.swift in Sources */,
				304DF25C2FD98910008B6291 /* SettingsView.swift in Sources */,
				304DF25D2FD98910008B6291 /* StatsAchievementsView.swift in Sources */,
				304DF25E2FD98910008B6291 /* TopicDetailView.swift in Sources */,
				304DF25F2FD98910008B6291 /* TopicNavigatorView.swift in Sources */,
				304DF2602FD98910008B6291 /* TopicNavigatorViewModel.swift in Sources */,
				304DF2612FD98910008B6291 /* CustomTabBar.swift in Sources */,
				304DF2622FD98910008B6291 /* MainTabView.swift in Sources */,
				304DF2632FD98910008B6291 /* AppDelegate.swift in Sources */,
				304DF2642FD98910008B6291 /* ContentView.swift in Sources */,
				304DF2652FD98910008B6291 /* SceneDelegate.swift in Sources */,
				304DF2662FD98910008B6291 /* ViewController.swift in Sources */,
			);
			runOnlyForDeploymentPostprocessing = 0;
		};
		3022DB9D2FE405EF00847CF8 /* Sources */ = {
			isa = PBXSourcesBuildPhase;
			buildActionMask = 2147483647;
			files = (
				3022DBD52FE40E6900847CF8 /* NotificationService.swift in Sources */,
			);
			runOnlyForDeploymentPostprocessing = 0;
		};
/* End PBXSourcesBuildPhase section */

/* Begin PBXTargetDependency section */
		3022DBA72FE405F000847CF8 /* PBXTargetDependency */ = {
			isa = PBXTargetDependency;
			target = 3022DBA02FE405EF00847CF8 /* NotificationServiceExtension */;
			targetProxy = 3022DBA62FE405F000847CF8 /* PBXContainerItemProxy */;
		};
/* End PBXTargetDependency section */

/* Begin PBXVariantGroup section */
		304DF22B2FD98910008B6291 /* LaunchScreen.storyboard */ = {
			isa = PBXVariantGroup;
			children = (
				304DF22A2FD98910008B6291 /* Base */,
			);
			name = LaunchScreen.storyboard;
			sourceTree = "<group>";
		};
		304DF22D2FD98910008B6291 /* Main.storyboard */ = {
			isa = PBXVariantGroup;
			children = (
				304DF22C2FD98910008B6291 /* Base */,
			);
			name = Main.storyboard;
			sourceTree = "<group>";
		};
/* End PBXVariantGroup section */

/* Begin XCBuildConfiguration section */
		301621EE2FD94D2300E357A9 /* Debug */ = {
			isa = XCBuildConfiguration;
			baseConfigurationReference = 6D0E7BD09DBA8D5698AE4A3A /* Pods-215TavoraHouse.debug.xcconfig */;
			buildSettings = {
				ASSETCATALOG_COMPILER_APPICON_NAME = AppIcon;
				ASSETCATALOG_COMPILER_GLOBAL_ACCENT_COLOR_NAME = AccentColor;
				CODE_SIGN_ENTITLEMENTS = 215TavoraHouse/215TavoraHouse.entitlements;
				CODE_SIGN_STYLE = Automatic;
				CURRENT_PROJECT_VERSION = 1;
				GENERATE_INFOPLIST_FILE = YES;
				INFOPLIST_FILE = 215TavoraHouse/Info.plist;
				INFOPLIST_KEY_CFBundleDisplayName = "Tavora House";
				INFOPLIST_KEY_ITSAppUsesNonExemptEncryption = NO;
				INFOPLIST_KEY_LSApplicationCategoryType = "public.app-category.education";
				INFOPLIST_KEY_UIApplicationSupportsIndirectInputEvents = YES;
				INFOPLIST_KEY_UILaunchStoryboardName = LaunchScreen;
				INFOPLIST_KEY_UIMainStoryboardFile = Main;
				INFOPLIST_KEY_UIStatusBarStyle = UIStatusBarStyleLightContent;
				INFOPLIST_KEY_UISupportedInterfaceOrientations_iPad = "UIInterfaceOrientationPortrait UIInterfaceOrientationPortraitUpsideDown UIInterfaceOrientationLandscapeLeft UIInterfaceOrientationLandscapeRight";
				INFOPLIST_KEY_UISupportedInterfaceOrientations_iPhone = "UIInterfaceOrientationPortrait UIInterfaceOrientationLandscapeLeft UIInterfaceOrientationLandscapeRight";
				IPHONEOS_DEPLOYMENT_TARGET = 16.6;
				LD_RUNPATH_SEARCH_PATHS = (
					"$(inherited)",
					"@executable_path/Frameworks",
				);
				MARKETING_VERSION = 1.1;
				PRODUCT_BUNDLE_IDENTIFIER = com.eli.t3v0r4h08s9;
				PRODUCT_NAME = "$(TARGET_NAME)";
				STRING_CATALOG_GENERATE_SYMBOLS = YES;
				SUPPORTED_PLATFORMS = "iphoneos iphonesimulator";
				SUPPORTS_MACCATALYST = NO;
				SUPPORTS_MAC_DESIGNED_FOR_IPHONE_IPAD = NO;
				SUPPORTS_XR_DESIGNED_FOR_IPHONE_IPAD = NO;
				SWIFT_APPROACHABLE_CONCURRENCY = YES;
				SWIFT_DEFAULT_ACTOR_ISOLATION = MainActor;
				SWIFT_EMIT_LOC_STRINGS = YES;
				SWIFT_UPCOMING_FEATURE_MEMBER_IMPORT_VISIBILITY = YES;
				SWIFT_VERSION = 5.0;
				TARGETED_DEVICE_FAMILY = 1;
			};
			name = Debug;
		};
		301621EF2FD94D2300E357A9 /* Release */ = {
			isa = XCBuildConfiguration;
			baseConfigurationReference = EAD49EC71FCDF133AF61553F /* Pods-215TavoraHouse.release.xcconfig */;
			buildSettings = {
				ASSETCATALOG_COMPILER_APPICON_NAME = AppIcon;
				ASSETCATALOG_COMPILER_GLOBAL_ACCENT_COLOR_NAME = AccentColor;
				CODE_SIGN_ENTITLEMENTS = 215TavoraHouse/215TavoraHouse.entitlements;
				CODE_SIGN_STYLE = Automatic;
				CURRENT_PROJECT_VERSION = 1;
				GENERATE_INFOPLIST_FILE = YES;
				INFOPLIST_FILE = 215TavoraHouse/Info.plist;
				INFOPLIST_KEY_CFBundleDisplayName = "Tavora House";
				INFOPLIST_KEY_ITSAppUsesNonExemptEncryption = NO;
				INFOPLIST_KEY_LSApplicationCategoryType = "public.app-category.education";
				INFOPLIST_KEY_UIApplicationSupportsIndirectInputEvents = YES;
				INFOPLIST_KEY_UILaunchStoryboardName = LaunchScreen;
				INFOPLIST_KEY_UIMainStoryboardFile = Main;
				INFOPLIST_KEY_UIStatusBarStyle = UIStatusBarStyleLightContent;
				INFOPLIST_KEY_UISupportedInterfaceOrientations_iPad = "UIInterfaceOrientationPortrait UIInterfaceOrientationPortraitUpsideDown UIInterfaceOrientationLandscapeLeft UIInterfaceOrientationLandscapeRight";
				INFOPLIST_KEY_UISupportedInterfaceOrientations_iPhone = "UIInterfaceOrientationPortrait UIInterfaceOrientationLandscapeLeft UIInterfaceOrientationLandscapeRight";
				IPHONEOS_DEPLOYMENT_TARGET = 16.6;
				LD_RUNPATH_SEARCH_PATHS = (
					"$(inherited)",
					"@executable_path/Frameworks",
				);
				MARKETING_VERSION = 1.1;
				PRODUCT_BUNDLE_IDENTIFIER = com.eli.t3v0r4h08s9;
				PRODUCT_NAME = "$(TARGET_NAME)";
				STRING_CATALOG_GENERATE_SYMBOLS = YES;
				SUPPORTED_PLATFORMS = "iphoneos iphonesimulator";
				SUPPORTS_MACCATALYST = NO;
				SUPPORTS_MAC_DESIGNED_FOR_IPHONE_IPAD = NO;
				SUPPORTS_XR_DESIGNED_FOR_IPHONE_IPAD = NO;
				SWIFT_APPROACHABLE_CONCURRENCY = YES;
				SWIFT_DEFAULT_ACTOR_ISOLATION = MainActor;
				SWIFT_EMIT_LOC_STRINGS = YES;
				SWIFT_UPCOMING_FEATURE_MEMBER_IMPORT_VISIBILITY = YES;
				SWIFT_VERSION = 5.0;
				TARGETED_DEVICE_FAMILY = 1;
			};
			name = Release;
		};
		301621F02FD94D2300E357A9 /* Debug */ = {
			isa = XCBuildConfiguration;
			buildSettings = {
				ALWAYS_SEARCH_USER_PATHS = NO;
				ASSETCATALOG_COMPILER_GENERATE_SWIFT_ASSET_SYMBOL_EXTENSIONS = YES;
				CLANG_ANALYZER_NONNULL = YES;
				CLANG_ANALYZER_NUMBER_OBJECT_CONVERSION = YES_AGGRESSIVE;
				CLANG_CXX_LANGUAGE_STANDARD = "gnu++20";
				CLANG_ENABLE_MODULES = YES;
				CLANG_ENABLE_OBJC_ARC = YES;
				CLANG_ENABLE_OBJC_WEAK = YES;
				CLANG_WARN_BLOCK_CAPTURE_AUTORELEASING = YES;
				CLANG_WARN_BOOL_CONVERSION = YES;
				CLANG_WARN_COMMA = YES;
				CLANG_WARN_CONSTANT_CONVERSION = YES;
				CLANG_WARN_DEPRECATED_OBJC_IMPLEMENTATIONS = YES;
				CLANG_WARN_DIRECT_OBJC_ISA_USAGE = YES_ERROR;
				CLANG_WARN_DOCUMENTATION_COMMENTS = YES;
				CLANG_WARN_EMPTY_BODY = YES;
				CLANG_WARN_ENUM_CONVERSION = YES;
				CLANG_WARN_INFINITE_RECURSION = YES;
				CLANG_WARN_INT_CONVERSION = YES;
				CLANG_WARN_NON_LITERAL_NULL_CONVERSION = YES;
				CLANG_WARN_OBJC_IMPLICIT_RETAIN_SELF = YES;
				CLANG_WARN_OBJC_LITERAL_CONVERSION = YES;
				CLANG_WARN_OBJC_ROOT_CLASS = YES_ERROR;
				CLANG_WARN_QUOTED_INCLUDE_IN_FRAMEWORK_HEADER = YES;
				CLANG_WARN_RANGE_LOOP_ANALYSIS = YES;
				CLANG_WARN_STRICT_PROTOTYPES = YES;
				CLANG_WARN_SUSPICIOUS_MOVE = YES;
				CLANG_WARN_UNGUARDED_AVAILABILITY = YES_AGGRESSIVE;
				CLANG_WARN_UNREACHABLE_CODE = YES;
				CLANG_WARN__DUPLICATE_METHOD_MATCH = YES;
				COPY_PHASE_STRIP = NO;
				DEBUG_INFORMATION_FORMAT = dwarf;
				ENABLE_STRICT_OBJC_MSGSEND = YES;
				ENABLE_TESTABILITY = YES;
				ENABLE_USER_SCRIPT_SANDBOXING = YES;
				GCC_C_LANGUAGE_STANDARD = gnu17;
				GCC_DYNAMIC_NO_PIC = NO;
				GCC_NO_COMMON_BLOCKS = YES;
				GCC_OPTIMIZATION_LEVEL = 0;
				GCC_PREPROCESSOR_DEFINITIONS = (
					"DEBUG=1",
					"$(inherited)",
				);
				GCC_WARN_64_TO_32_BIT_CONVERSION = YES;
				GCC_WARN_ABOUT_RETURN_TYPE = YES_ERROR;
				GCC_WARN_UNDECLARED_SELECTOR = YES;
				GCC_WARN_UNINITIALIZED_AUTOS = YES_AGGRESSIVE;
				GCC_WARN_UNUSED_FUNCTION = YES;
				GCC_WARN_UNUSED_VARIABLE = YES;
				IPHONEOS_DEPLOYMENT_TARGET = 26.5;
				LOCALIZATION_PREFERS_STRING_CATALOGS = YES;
				MTL_ENABLE_DEBUG_INFO = INCLUDE_SOURCE;
				MTL_FAST_MATH = YES;
				ONLY_ACTIVE_ARCH = YES;
				SDKROOT = iphoneos;
				SWIFT_ACTIVE_COMPILATION_CONDITIONS = "DEBUG $(inherited)";
				SWIFT_OPTIMIZATION_LEVEL = "-Onone";
			};
			name = Debug;
		};
		301621F12FD94D2300E357A9 /* Release */ = {
			isa = XCBuildConfiguration;
			buildSettings = {
				ALWAYS_SEARCH_USER_PATHS = NO;
				ASSETCATALOG_COMPILER_GENERATE_SWIFT_ASSET_SYMBOL_EXTENSIONS = YES;
				CLANG_ANALYZER_NONNULL = YES;
				CLANG_ANALYZER_NUMBER_OBJECT_CONVERSION = YES_AGGRESSIVE;
				CLANG_CXX_LANGUAGE_STANDARD = "gnu++20";
				CLANG_ENABLE_MODULES = YES;
				CLANG_ENABLE_OBJC_ARC = YES;
				CLANG_ENABLE_OBJC_WEAK = YES;
				CLANG_WARN_BLOCK_CAPTURE_AUTORELEASING = YES;
				CLANG_WARN_BOOL_CONVERSION = YES;
				CLANG_WARN_COMMA = YES;
				CLANG_WARN_CONSTANT_CONVERSION = YES;
				CLANG_WARN_DEPRECATED_OBJC_IMPLEMENTATIONS = YES;
				CLANG_WARN_DIRECT_OBJC_ISA_USAGE = YES_ERROR;
				CLANG_WARN_DOCUMENTATION_COMMENTS = YES;
				CLANG_WARN_EMPTY_BODY = YES;
				CLANG_WARN_ENUM_CONVERSION = YES;
				CLANG_WARN_INFINITE_RECURSION = YES;
				CLANG_WARN_INT_CONVERSION = YES;
				CLANG_WARN_NON_LITERAL_NULL_CONVERSION = YES;
				CLANG_WARN_OBJC_IMPLICIT_RETAIN_SELF = YES;
				CLANG_WARN_OBJC_LITERAL_CONVERSION = YES;
				CLANG_WARN_OBJC_ROOT_CLASS = YES_ERROR;
				CLANG_WARN_QUOTED_INCLUDE_IN_FRAMEWORK_HEADER = YES;
				CLANG_WARN_RANGE_LOOP_ANALYSIS = YES;
				CLANG_WARN_STRICT_PROTOTYPES = YES;
				CLANG_WARN_SUSPICIOUS_MOVE = YES;
				CLANG_WARN_UNGUARDED_AVAILABILITY = YES_AGGRESSIVE;
				CLANG_WARN_UNREACHABLE_CODE = YES;
				CLANG_WARN__DUPLICATE_METHOD_MATCH = YES;
				COPY_PHASE_STRIP = NO;
				DEBUG_INFORMATION_FORMAT = "dwarf-with-dsym";
				ENABLE_NS_ASSERTIONS = NO;
				ENABLE_STRICT_OBJC_MSGSEND = YES;
				ENABLE_USER_SCRIPT_SANDBOXING = YES;
				GCC_C_LANGUAGE_STANDARD = gnu17;
				GCC_NO_COMMON_BLOCKS = YES;
				GCC_WARN_64_TO_32_BIT_CONVERSION = YES;
				GCC_WARN_ABOUT_RETURN_TYPE = YES_ERROR;
				GCC_WARN_UNDECLARED_SELECTOR = YES;
				GCC_WARN_UNINITIALIZED_AUTOS = YES_AGGRESSIVE;
				GCC_WARN_UNUSED_FUNCTION = YES;
				GCC_WARN_UNUSED_VARIABLE = YES;
				IPHONEOS_DEPLOYMENT_TARGET = 26.5;
				LOCALIZATION_PREFERS_STRING_CATALOGS = YES;
				MTL_ENABLE_DEBUG_INFO = NO;
				MTL_FAST_MATH = YES;
				SDKROOT = iphoneos;
				SWIFT_COMPILATION_MODE = wholemodule;
				VALIDATE_PRODUCT = YES;
			};
			name = Release;
		};
		3022DBAB2FE405F000847CF8 /* Debug */ = {
			isa = XCBuildConfiguration;
			buildSettings = {
				CODE_SIGN_STYLE = Automatic;
				CURRENT_PROJECT_VERSION = 1;
				GENERATE_INFOPLIST_FILE = YES;
				INFOPLIST_FILE = NotificationServiceExtension/Info.plist;
				INFOPLIST_KEY_CFBundleDisplayName = NotificationServiceExtension;
				INFOPLIST_KEY_NSHumanReadableCopyright = "";
				IPHONEOS_DEPLOYMENT_TARGET = 16.6;
				LD_RUNPATH_SEARCH_PATHS = (
					"$(inherited)",
					"@executable_path/Frameworks",
					"@executable_path/../../Frameworks",
				);
				MARKETING_VERSION = 1.1;
				PRODUCT_BUNDLE_IDENTIFIER = com.eli.t3v0r4h08s9.NotificationServiceExtension;
				PRODUCT_NAME = "$(TARGET_NAME)";
				SKIP_INSTALL = YES;
				STRING_CATALOG_GENERATE_SYMBOLS = YES;
				SUPPORTED_PLATFORMS = "iphoneos iphonesimulator";
				SUPPORTS_MACCATALYST = NO;
				SUPPORTS_MAC_DESIGNED_FOR_IPHONE_IPAD = NO;
				SUPPORTS_XR_DESIGNED_FOR_IPHONE_IPAD = NO;
				SWIFT_APPROACHABLE_CONCURRENCY = YES;
				SWIFT_EMIT_LOC_STRINGS = YES;
				SWIFT_UPCOMING_FEATURE_MEMBER_IMPORT_VISIBILITY = YES;
				SWIFT_VERSION = 5.0;
				TARGETED_DEVICE_FAMILY = 1;
			};
			name = Debug;
		};
		3022DBAC2FE405F000847CF8 /* Release */ = {
			isa = XCBuildConfiguration;
			buildSettings = {
				CODE_SIGN_STYLE = Automatic;
				CURRENT_PROJECT_VERSION = 1;
				GENERATE_INFOPLIST_FILE = YES;
				INFOPLIST_FILE = NotificationServiceExtension/Info.plist;
				INFOPLIST_KEY_CFBundleDisplayName = NotificationServiceExtension;
				INFOPLIST_KEY_NSHumanReadableCopyright = "";
				IPHONEOS_DEPLOYMENT_TARGET = 16.6;
				LD_RUNPATH_SEARCH_PATHS = (
					"$(inherited)",
					"@executable_path/Frameworks",
					"@executable_path/../../Frameworks",
				);
				MARKETING_VERSION = 1.1;
				PRODUCT_BUNDLE_IDENTIFIER = com.eli.t3v0r4h08s9.NotificationServiceExtension;
				PRODUCT_NAME = "$(TARGET_NAME)";
				SKIP_INSTALL = YES;
				STRING_CATALOG_GENERATE_SYMBOLS = YES;
				SUPPORTED_PLATFORMS = "iphoneos iphonesimulator";
				SUPPORTS_MACCATALYST = NO;
				SUPPORTS_MAC_DESIGNED_FOR_IPHONE_IPAD = NO;
				SUPPORTS_XR_DESIGNED_FOR_IPHONE_IPAD = NO;
				SWIFT_APPROACHABLE_CONCURRENCY = YES;
				SWIFT_EMIT_LOC_STRINGS = YES;
				SWIFT_UPCOMING_FEATURE_MEMBER_IMPORT_VISIBILITY = YES;
				SWIFT_VERSION = 5.0;
				TARGETED_DEVICE_FAMILY = 1;
			};
			name = Release;
		};
/* End XCBuildConfiguration section */

/* Begin XCConfigurationList section */
		301621D52FD94D2200E357A9 /* Build configuration list for PBXProject "215TavoraHouse" */ = {
			isa = XCConfigurationList;
			buildConfigurations = (
				301621F02FD94D2300E357A9 /* Debug */,
				301621F12FD94D2300E357A9 /* Release */,
			);
			defaultConfigurationIsVisible = 0;
			defaultConfigurationName = Release;
		};
		301621ED2FD94D2300E357A9 /* Build configuration list for PBXNativeTarget "215TavoraHouse" */ = {
			isa = XCConfigurationList;
			buildConfigurations = (
				301621EE2FD94D2300E357A9 /* Debug */,
				301621EF2FD94D2300E357A9 /* Release */,
			);
			defaultConfigurationIsVisible = 0;
			defaultConfigurationName = Release;
		};
		3022DBAA2FE405F000847CF8 /* Build configuration list for PBXNativeTarget "NotificationServiceExtension" */ = {
			isa = XCConfigurationList;
			buildConfigurations = (
				3022DBAB2FE405F000847CF8 /* Debug */,
				3022DBAC2FE405F000847CF8 /* Release */,
			);
			defaultConfigurationIsVisible = 0;
			defaultConfigurationName = Release;
		};
/* End XCConfigurationList section */

/* Begin XCRemoteSwiftPackageReference section */
		3022DBAE2FE40D3B00847CF8 /* XCRemoteSwiftPackageReference "firebase-ios-sdk" */ = {
			isa = XCRemoteSwiftPackageReference;
			repositoryURL = "https://github.com/firebase/firebase-ios-sdk";
			requirement = {
				kind = upToNextMajorVersion;
				minimumVersion = 12.15.0;
			};
		};
		3022DBB12FE40D5800847CF8 /* XCRemoteSwiftPackageReference "AppsFlyerFramework-Static" */ = {
			isa = XCRemoteSwiftPackageReference;
			repositoryURL = "https://github.com/AppsFlyerSDK/AppsFlyerFramework-Static";
			requirement = {
				kind = upToNextMajorVersion;
				minimumVersion = 6.0.0;
			};
		};
/* End XCRemoteSwiftPackageReference section */

/* Begin XCSwiftPackageProductDependency section */
		3022DBAF2FE40D3B00847CF8 /* FirebaseMessaging */ = {
			isa = XCSwiftPackageProductDependency;
			package = 3022DBAE2FE40D3B00847CF8 /* XCRemoteSwiftPackageReference "firebase-ios-sdk" */;
			productName = FirebaseMessaging;
		};
		3022DBB22FE40D5800847CF8 /* AppsFlyerLib-Static */ = {
			isa = XCSwiftPackageProductDependency;
			package = 3022DBB12FE40D5800847CF8 /* XCRemoteSwiftPackageReference "AppsFlyerFramework-Static" */;
			productName = "AppsFlyerLib-Static";
		};
		3022DBB42FE40D6100847CF8 /* FirebaseMessaging */ = {
			isa = XCSwiftPackageProductDependency;
			package = 3022DBAE2FE40D3B00847CF8 /* XCRemoteSwiftPackageReference "firebase-ios-sdk" */;
			productName = FirebaseMessaging;
		};
/* End XCSwiftPackageProductDependency section */
	};
	rootObject = 301621D22FD94D2200E357A9 /* Project object */;
}
